
Microsoft Visual Studio Solution File, Format Version 12.00
# Visual Studio Version 16
VisualStudioVersion = 16.0.31424.327
MinimumVisualStudioVersion = 10.0.40219.1
Project("{FAE04EC0-301F-11D3-BF4B-00C04F79EFBC}") = "WebAppRabbitMQ", "WebAppRabbitMQ\WebAppRabbitMQ.csproj", "{D7373D26-12D2-454A-B0CC-3A4C1DF8430C}"
EndProject
Project("{FAE04EC0-301F-11D3-BF4B-00C04F79EFBC}") = "AppRabbitMQ", "AppRabbitMQ\AppRabbitMQ.csproj", "{D7D42F94-8CA6-4000-A0AD-C8AA7E844077}"
EndProject
Global
	GlobalSection(SolutionConfigurationPlatforms) = preSolution
		Debug|Any CPU = Debug|Any CPU
		Release|Any CPU = Release|Any CPU
	EndGlobalSection
	GlobalSection(ProjectConfigurationPlatforms) = postSolution
		{D7373D26-12D2-454A-B0CC-3A4C1DF8430C}.Debug|Any CPU.ActiveCfg = Debug|Any CPU
		{D7373D26-12D2-454A-B0CC-3A4C1DF8430C}.Debug|Any CPU.Build.0 = Debug|Any CPU
		{D7373D26-12D2-454A-B0CC-3A4C1DF8430C}.Release|Any CPU.ActiveCfg = Release|Any CPU
		{D7373D26-12D2-454A-B0CC-3A4C1DF8430C}.Release|Any CPU.Build.0 = Release|Any CPU
		{D7D42F94-8CA6-4000-A0AD-C8AA7E844077}.Debug|Any CPU.ActiveCfg = Debug|Any CPU
		{D7D42F94-8CA6-4000-A0AD-C8AA7E844077}.Debug|Any CPU.Build.0 = Debug|Any CPU
		{D7D42F94-8CA6-4000-A0AD-C8AA7E844077}.Release|Any CPU.ActiveCfg = Release|Any CPU
		{D7D42F94-8CA6-4000-A0AD-C8AA7E844077}.Release|Any CPU.Build.0 = Release|Any CPU
	EndGlobalSection
	GlobalSection(SolutionProperties) = preSolution
		HideSolutionNode = FALSE
	EndGlobalSection
	GlobalSection(ExtensibilityGlobals) = postSolution
		SolutionGuid = {68496A5B-8CBF-4DF7-BEFA-623A0A6C3572}
	EndGlobalSection
EndGlobal
